
Microsoft Visual Studio Solution File, Format Version 12.00
# Visual Studio Version 17
VisualStudioVersion = 17.10.35013.160
MinimumVisualStudioVersion = 10.0.40219.1
Project("{FAE04EC0-301F-11D3-BF4B-00C04F79EFBC}") = "HackAssembler", "HackAssembler\HackAssembler.csproj", "{F9FEE793-12AA-4E78-A1F4-95DD39AE377F}"
EndProject
Project("{FAE04EC0-301F-11D3-BF4B-00C04F79EFBC}") = "HackAssembler.Library", "HackAssembler.Library\HackAssembler.Library.csproj", "{CECE19E9-3684-4336-B7FC-CE4E9BA67EF6}"
EndProject
Project("{FAE04EC0-301F-11D3-BF4B-00C04F79EFBC}") = "HackAssembler.Library.Tests", "HackAssembler.Library.Tests\HackAssembler.Library.Tests.csproj", "{A7FB4F1B-128B-4CE2-A49D-B6DF8313241C}"
EndProject
Global
	GlobalSection(SolutionConfigurationPlatforms) = preSolution
		Debug|Any CPU = Debug|Any CPU
		Release|Any CPU = Release|Any CPU
	EndGlobalSection
	GlobalSection(ProjectConfigurationPlatforms) = postSolution
		{F9FEE793-12AA-4E78-A1F4-95DD39AE377F}.Debug|Any CPU.ActiveCfg = Debug|Any CPU
		{F9FEE793-12AA-4E78-A1F4-95DD39AE377F}.Debug|Any CPU.Build.0 = Debug|Any CPU
		{F9FEE793-12AA-4E78-A1F4-95DD39AE377F}.Release|Any CPU.ActiveCfg = Release|Any CPU
		{F9FEE793-12AA-4E78-A1F4-95DD39AE377F}.Release|Any CPU.Build.0 = Release|Any CPU
		{CECE19E9-3684-4336-B7FC-CE4E9BA67EF6}.Debug|Any CPU.ActiveCfg = Debug|Any CPU
		{CECE19E9-3684-4336-B7FC-CE4E9BA67EF6}.Debug|Any CPU.Build.0 = Debug|Any CPU
		{CECE19E9-3684-4336-B7FC-CE4E9BA67EF6}.Release|Any CPU.ActiveCfg = Release|Any CPU
		{CECE19E9-3684-4336-B7FC-CE4E9BA67EF6}.Release|Any CPU.Build.0 = Release|Any CPU
		{A7FB4F1B-128B-4CE2-A49D-B6DF8313241C}.Debug|Any CPU.ActiveCfg = Debug|Any CPU
		{A7FB4F1B-128B-4CE2-A49D-B6DF8313241C}.Debug|Any CPU.Build.0 = Debug|Any CPU
		{A7FB4F1B-128B-4CE2-A49D-B6DF8313241C}.Release|Any CPU.ActiveCfg = Release|Any CPU
		{A7FB4F1B-128B-4CE2-A49D-B6DF8313241C}.Release|Any CPU.Build.0 = Release|Any CPU
	EndGlobalSection
	GlobalSection(SolutionProperties) = preSolution
		HideSolutionNode = FALSE
	EndGlobalSection
	GlobalSection(ExtensibilityGlobals) = postSolution
		SolutionGuid = {5A5A4A4B-B918-4065-AD9D-DE89A05CE36B}
	EndGlobalSection
EndGlobal
